// !$*UTF8*$!
{
	archiveVersion = 1;
	classes = {
	};
	objectVersion = 46;
	objects = {

/* Begin PBXBuildFile section */
		60B34FF918D0C06800371513 /* Foundation.framework in Frameworks */ = {isa = PBXBuildFile; fileRef = 60B34FF818D0C06800371513 /* Foundation.framework */; };
		60B34FFB18D0C06800371513 /* CoreGraphics.framework in Frameworks */ = {isa = PBXBuildFile; fileRef = 60B34FFA18D0C06800371513 /* CoreGraphics.framework */; };
		60B34FFD18D0C06800371513 /* UIKit.framework in Frameworks */ = {isa = PBXBuildFile; fileRef = 60B34FFC18D0C06800371513 /* UIKit.framework */; };
		60B3500318D0C06800371513 /* InfoPlist.strings in Resources */ = {isa = PBXBuildFile; fileRef = 60B3500118D0C06800371513 /* InfoPlist.strings */; };
		60B3500518D0C06800371513 /* main.m in Sources */ = {isa = PBXBuildFile; fileRef = 60B3500418D0C06800371513 /* main.m */; };
		60B3500918D0C06800371513 /* AppDelegate.m in Sources */ = {isa = PBXBuildFile; fileRef = 60B3500818D0C06800371513 /* AppDelegate.m */; };
		60B3500B18D0C06800371513 /* Images.xcassets in Resources */ = {isa = PBXBuildFile; fileRef = 60B3500A18D0C06800371513 /* Images.xcassets */; };
		60B3501218D0C06800371513 /* XCTest.framework in Frameworks */ = {isa = PBXBuildFile; fileRef = 60B3501118D0C06800371513 /* XCTest.framework */; };
		60B3501318D0C06800371513 /* Foundation.framework in Frameworks */ = {isa = PBXBuildFile; fileRef = 60B34FF818D0C06800371513 /* Foundation.framework */; };
		60B3501418D0C06800371513 /* UIKit.framework in Frameworks */ = {isa = PBXBuildFile; fileRef = 60B34FFC18D0C06800371513 /* UIKit.framework */; };
		60B3501C18D0C06800371513 /* InfoPlist.strings in Resources */ = {isa = PBXBuildFile; fileRef = 60B3501A18D0C06800371513 /* InfoPlist.strings */; };
		60B3501E18D0C06800371513 /* _9_DelegatesTestTests.m in Sources */ = {isa = PBXBuildFile; fileRef = 60B3501D18D0C06800371513 /* _9_DelegatesTestTests.m */; };
		60B3502918D0C5D400371513 /* GRPatient.m in Sources */ = {isa = PBXBuildFile; fileRef = 60B3502818D0C5D400371513 /* GRPatient.m */; };
		60B3502C18D0CA9400371513 /* GRDoctor.m in Sources */ = {isa = PBXBuildFile; fileRef = 60B3502B18D0CA9400371513 /* GRDoctor.m */; };
/* End PBXBuildFile section */

/* Begin PBXContainerItemProxy section */
		60B3501518D0C06800371513 /* PBXContainerItemProxy */ = {
			isa = PBXContainerItemProxy;
			containerPortal = 60B34FED18D0C06800371513 /* Project object */;
			proxyType = 1;
			remoteGlobalIDString = 60B34FF418D0C06800371513;
			remoteInfo = _9_DelegatesTest;
		};
/* End PBXContainerItemProxy section */

/* Begin PBXFileReference section */
		60B34FF518D0C06800371513 /* _9_DelegatesTest.app */ = {isa = PBXFileReference; explicitFileType = wrapper.application; includeInIndex = 0; path = _9_DelegatesTest.app; sourceTree = BUILT_PRODUCTS_DIR; };
		60B34FF818D0C06800371513 /* Foundation.framework */ = {isa = PBXFileReference; lastKnownFileType = wrapper.framework; name = Foundation.framework; path = System/Library/Frameworks/Foundation.framework; sourceTree = SDKROOT; };
		60B34FFA18D0C06800371513 /* CoreGraphics.framework */ = {isa = PBXFileReference; lastKnownFileType = wrapper.framework; name = CoreGraphics.framework; path = System/Library/Frameworks/CoreGraphics.framework; sourceTree = SDKROOT; };
		60B34FFC18D0C06800371513 /* UIKit.framework */ = {isa = PBXFileReference; lastKnownFileType = wrapper.framework; name = UIKit.framework; path = System/Library/Frameworks/UIKit.framework; sourceTree = SDKROOT; };
		60B3500018D0C06800371513 /* _9_DelegatesTest-Info.plist */ = {isa = PBXFileReference; lastKnownFileType = text.plist.xml; path = "_9_DelegatesTest-Info.plist"; sourceTree = "<group>"; };
		60B3500218D0C06800371513 /* en */ = {isa = PBXFileReference; lastKnownFileType = text.plist.strings; name = en; path = en.lproj/InfoPlist.strings; sourceTree = "<group>"; };
		60B3500418D0C06800371513 /* main.m */ = {isa = PBXFileReference; lastKnownFileType = sourcecode.c.objc; path = main.m; sourceTree = "<group>"; };
		60B3500618D0C06800371513 /* _9_DelegatesTest-Prefix.pch */ = {isa = PBXFileReference; lastKnownFileType = sourcecode.c.h; path = "_9_DelegatesTest-Prefix.pch"; sourceTree = "<group>"; };
		60B3500718D0C06800371513 /* AppDelegate.h */ = {isa = PBXFileReference; lastKnownFileType = sourcecode.c.h; path = AppDelegate.h; sourceTree = "<group>"; };
		60B3500818D0C06800371513 /* AppDelegate.m */ = {isa = PBXFileReference; lastKnownFileType = sourcecode.c.objc; path = AppDelegate.m; sourceTree = "<group>"; };
		60B3500A18D0C06800371513 /* Images.xcassets */ = {isa = PBXFileReference; lastKnownFileType = folder.assetcatalog; path = Images.xcassets; sourceTree = "<group>"; };
		60B3501018D0C06800371513 /* _9_DelegatesTestTests.xctest */ = {isa = PBXFileReference; explicitFileType = wrapper.cfbundle; includeInIndex = 0; path = _9_DelegatesTestTests.xctest; sourceTree = BUILT_PRODUCTS_DIR; };
		60B3501118D0C06800371513 /* XCTest.framework */ = {isa = PBXFileReference; lastKnownFileType = wrapper.framework; name = XCTest.framework; path = Library/Frameworks/XCTest.framework; sourceTree = DEVELOPER_DIR; };
		60B3501918D0C06800371513 /* _9_DelegatesTestTests-Info.plist */ = {isa = PBXFileReference; lastKnownFileType = text.plist.xml; path = "_9_DelegatesTestTests-Info.plist"; sourceTree = "<group>"; };
		60B3501B18D0C06800371513 /* en */ = {isa = PBXFileReference; lastKnownFileType = text.plist.strings; name = en; path = en.lproj/InfoPlist.strings; sourceTree = "<group>"; };
		60B3501D18D0C06800371513 /* _9_DelegatesTestTests.m */ = {isa = PBXFileReference; lastKnownFileType = sourcecode.c.objc; path = _9_DelegatesTestTests.m; sourceTree = "<group>"; };
		60B3502718D0C5D400371513 /* GRPatient.h */ = {isa = PBXFileReference; fileEncoding = 4; lastKnownFileType = sourcecode.c.h; path = GRPatient.h; sourceTree = "<group>"; };
		60B3502818D0C5D400371513 /* GRPatient.m */ = {isa = PBXFileReference; fileEncoding = 4; lastKnownFileType = sourcecode.c.objc; path = GRPatient.m; sourceTree = "<group>"; };
		60B3502A18D0CA9400371513 /* GRDoctor.h */ = {isa = PBXFileReference; fileEncoding = 4; lastKnownFileType = sourcecode.c.h; path = GRDoctor.h; sourceTree = "<group>"; };
		60B3502B18D0CA9400371513 /* GRDoctor.m */ = {isa = PBXFileReference; fileEncoding = 4; lastKnownFileType = sourcecode.c.objc; path = GRDoctor.m; sourceTree = "<group>"; };
/* End PBXFileReference section */

/* Begin PBXFrameworksBuildPhase section */
		60B34FF218D0C06800371513 /* Frameworks */ = {
			isa = PBXFrameworksBuildPhase;
			buildActionMask = 2147483647;
			files = (
				60B34FFB18D0C06800371513 /* CoreGraphics.framework in Frameworks */,
				60B34FFD18D0C06800371513 /* UIKit.framework in Frameworks */,
				60B34FF918D0C06800371513 /* Foundation.framework in Frameworks */,
			);
			runOnlyForDeploymentPostprocessing = 0;
		};
		60B3500D18D0C06800371513 /* Frameworks */ = {
			isa = PBXFrameworksBuildPhase;
			buildActionMask = 2147483647;
			files = (
				60B3501218D0C06800371513 /* XCTest.framework in Frameworks */,
				60B3501418D0C06800371513 /* UIKit.framework in Frameworks */,
				60B3501318D0C06800371513 /* Foundation.framework in Frameworks */,
			);
			runOnlyForDeploymentPostprocessing = 0;
		};
/* End PBXFrameworksBuildPhase section */

/* Begin PBXGroup section */
		60B34FEC18D0C06800371513 = {
			isa = PBXGroup;
			children = (
				60B34FFE18D0C06800371513 /* _9_DelegatesTest */,
				60B3501718D0C06800371513 /* _9_DelegatesTestTests */,
				60B34FF718D0C06800371513 /* Frameworks */,
				60B34FF618D0C06800371513 /* Products */,
			);
			sourceTree = "<group>";
		};
		60B34FF618D0C06800371513 /* Products */ = {
			isa = PBXGroup;
			children = (
				60B34FF518D0C06800371513 /* _9_DelegatesTest.app */,
				60B3501018D0C06800371513 /* _9_DelegatesTestTests.xctest */,
			);
			name = Products;
			sourceTree = "<group>";
		};
		60B34FF718D0C06800371513 /* Frameworks */ = {
			isa = PBXGroup;
			children = (
				60B34FF818D0C06800371513 /* Foundation.framework */,
				60B34FFA18D0C06800371513 /* CoreGraphics.framework */,
				60B34FFC18D0C06800371513 /* UIKit.framework */,
				60B3501118D0C06800371513 /* XCTest.framework */,
			);
			name = Frameworks;
			sourceTree = "<group>";
		};
		60B34FFE18D0C06800371513 /* _9_DelegatesTest */ = {
			isa = PBXGroup;
			children = (
				60B3502A18D0CA9400371513 /* GRDoctor.h */,
				60B3502B18D0CA9400371513 /* GRDoctor.m */,
				60B3502718D0C5D400371513 /* GRPatient.h */,
				60B3502818D0C5D400371513 /* GRPatient.m */,
				60B3500718D0C06800371513 /* AppDelegate.h */,
				60B3500818D0C06800371513 /* AppDelegate.m */,
				60B3500A18D0C06800371513 /* Images.xcassets */,
				60B34FFF18D0C06800371513 /* Supporting Files */,
			);
			path = _9_DelegatesTest;
			sourceTree = "<group>";
		};
		60B34FFF18D0C06800371513 /* Supporting Files */ = {
			isa = PBXGroup;
			children = (
				60B3500018D0C06800371513 /* _9_DelegatesTest-Info.plist */,
				60B3500118D0C06800371513 /* InfoPlist.strings */,
				60B3500418D0C06800371513 /* main.m */,
				60B3500618D0C06800371513 /* _9_DelegatesTest-Prefix.pch */,
			);
			name = "Supporting Files";
			sourceTree = "<group>";
		};
		60B3501718D0C06800371513 /* _9_DelegatesTestTests */ = {
			isa = PBXGroup;
			children = (
				60B3501D18D0C06800371513 /* _9_DelegatesTestTests.m */,
				60B3501818D0C06800371513 /* Supporting Files */,
			);
			path = _9_DelegatesTestTests;
			sourceTree = "<group>";
		};
		60B3501818D0C06800371513 /* Supporting Files */ = {
			isa = PBXGroup;
			children = (
				60B3501918D0C06800371513 /* _9_DelegatesTestTests-Info.plist */,
				60B3501A18D0C06800371513 /* InfoPlist.strings */,
			);
			name = "Supporting Files";
			sourceTree = "<group>";
		};
/* End PBXGroup section */

/* Begin PBXNativeTarget section */
		60B34FF418D0C06800371513 /* _9_DelegatesTest */ = {
			isa = PBXNativeTarget;
			buildConfigurationList = 60B3502118D0C06800371513 /* Build configuration list for PBXNativeTarget "_9_DelegatesTest" */;
			buildPhases = (
				60B34FF118D0C06800371513 /* Sources */,
				60B34FF218D0C06800371513 /* Frameworks */,
				60B34FF318D0C06800371513 /* Resources */,
			);
			buildRules = (
			);
			dependencies = (
			);
			name = _9_DelegatesTest;
			productName = _9_DelegatesTest;
			productReference = 60B34FF518D0C06800371513 /* _9_DelegatesTest.app */;
			productType = "com.apple.product-type.application";
		};
		60B3500F18D0C06800371513 /* _9_DelegatesTestTests */ = {
			isa = PBXNativeTarget;
			buildConfigurationList = 60B3502418D0C06800371513 /* Build configuration list for PBXNativeTarget "_9_DelegatesTestTests" */;
			buildPhases = (
				60B3500C18D0C06800371513 /* Sources */,
				60B3500D18D0C06800371513 /* Frameworks */,
				60B3500E18D0C06800371513 /* Resources */,
			);
			buildRules = (
			);
			dependencies = (
				60B3501618D0C06800371513 /* PBXTargetDependency */,
			);
			name = _9_DelegatesTestTests;
			productName = _9_DelegatesTestTests;
			productReference = 60B3501018D0C06800371513 /* _9_DelegatesTestTests.xctest */;
			productType = "com.apple.product-type.bundle.unit-test";
		};
/* End PBXNativeTarget section */

/* Begin PBXProject section */
		60B34FED18D0C06800371513 /* Project object */ = {
			isa = PBXProject;
			attributes = {
				LastUpgradeCheck = 0510;
				ORGANIZATIONNAME = Evgenia;
				TargetAttributes = {
					60B3500F18D0C06800371513 = {
						TestTargetID = 60B34FF418D0C06800371513;
					};
				};
			};
			buildConfigurationList = 60B34FF018D0C06800371513 /* Build configuration list for PBXProject "_9_DelegatesTest" */;
			compatibilityVersion = "Xcode 3.2";
			developmentRegion = English;
			hasScannedForEncodings = 0;
			knownRegions = (
				en,
			);
			mainGroup = 60B34FEC18D0C06800371513;
			productRefGroup = 60B34FF618D0C06800371513 /* Products */;
			projectDirPath = "";
			projectRoot = "";
			targets = (
				60B34FF418D0C06800371513 /* _9_DelegatesTest */,
				60B3500F18D0C06800371513 /* _9_DelegatesTestTests */,
			);
		};
/* End PBXProject section */

/* Begin PBXResourcesBuildPhase section */
		60B34FF318D0C06800371513 /* Resources */ = {
			isa = PBXResourcesBuildPhase;
			buildActionMask = 2147483647;
			files = (
				60B3500318D0C06800371513 /* InfoPlist.strings in Resources */,
				60B3500B18D0C06800371513 /* Images.xcassets in Resources */,
			);
			runOnlyForDeploymentPostprocessing = 0;
		};
		60B3500E18D0C06800371513 /* Resources */ = {
			isa = PBXResourcesBuildPhase;
			buildActionMask = 2147483647;
			files = (
				60B3501C18D0C06800371513 /* InfoPlist.strings in Resources */,
			);
			runOnlyForDeploymentPostprocessing = 0;
		};
/* End PBXResourcesBuildPhase section */

/* Begin PBXSourcesBuildPhase section */
		60B34FF118D0C06800371513 /* Sources */ = {
			isa = PBXSourcesBuildPhase;
			buildActionMask = 2147483647;
			files = (
				60B3500918D0C06800371513 /* AppDelegate.m in Sources */,
				60B3502C18D0CA9400371513 /* GRDoctor.m in Sources */,
				60B3502918D0C5D400371513 /* GRPatient.m in Sources */,
				60B3500518D0C06800371513 /* main.m in Sources */,
			);
			runOnlyForDeploymentPostprocessing = 0;
		};
		60B3500C18D0C06800371513 /* Sources */ = {
			isa = PBXSourcesBuildPhase;
			buildActionMask = 2147483647;
			files = (
				60B3501E18D0C06800371513 /* _9_DelegatesTestTests.m in Sources */,
			);
			runOnlyForDeploymentPostprocessing = 0;
		};
/* End PBXSourcesBuildPhase section */

/* Begin PBXTargetDependency section */
		60B3501618D0C06800371513 /* PBXTargetDependency */ = {
			isa = PBXTargetDependency;
			target = 60B34FF418D0C06800371513 /* _9_DelegatesTest */;
			targetProxy = 60B3501518D0C06800371513 /* PBXContainerItemProxy */;
		};
/* End PBXTargetDependency section */

/* Begin PBXVariantGroup section */
		60B3500118D0C06800371513 /* InfoPlist.strings */ = {
			isa = PBXVariantGroup;
			children = (
				60B3500218D0C06800371513 /* en */,
			);
			name = InfoPlist.strings;
			sourceTree = "<group>";
		};
		60B3501A18D0C06800371513 /* InfoPlist.strings */ = {
			isa = PBXVariantGroup;
			children = (
				60B3501B18D0C06800371513 /* en */,
			);
			name = InfoPlist.strings;
			sourceTree = "<group>";
		};
/* End PBXVariantGroup section */

/* Begin XCBuildConfiguration section */
		60B3501F18D0C06800371513 /* Debug */ = {
			isa = XCBuildConfiguration;
			buildSettings = {
				ALWAYS_SEARCH_USER_PATHS = NO;
				CLANG_CXX_LANGUAGE_STANDARD = "gnu++0x";
				CLANG_CXX_LIBRARY = "libc++";
				CLANG_ENABLE_MODULES = YES;
				CLANG_ENABLE_OBJC_ARC = YES;
				CLANG_WARN_BOOL_CONVERSION = YES;
				CLANG_WARN_CONSTANT_CONVERSION = YES;
				CLANG_WARN_DIRECT_OBJC_ISA_USAGE = YES_ERROR;
				CLANG_WARN_EMPTY_BODY = YES;
				CLANG_WARN_ENUM_CONVERSION = YES;
				CLANG_WARN_INT_CONVERSION = YES;
				CLANG_WARN_OBJC_ROOT_CLASS = YES_ERROR;
				CLANG_WARN__DUPLICATE_METHOD_MATCH = YES;
				"CODE_SIGN_IDENTITY[sdk=iphoneos*]" = "iPhone Developer";
				COPY_PHASE_STRIP = NO;
				GCC_C_LANGUAGE_STANDARD = gnu99;
				GCC_DYNAMIC_NO_PIC = NO;
				GCC_OPTIMIZATION_LEVEL = 0;
				GCC_PREPROCESSOR_DEFINITIONS = (
					"DEBUG=1",
					"$(inherited)",
				);
				GCC_SYMBOLS_PRIVATE_EXTERN = NO;
				GCC_WARN_64_TO_32_BIT_CONVERSION = YES;
				GCC_WARN_ABOUT_RETURN_TYPE = YES_ERROR;
				GCC_WARN_UNDECLARED_SELECTOR = YES;
				GCC_WARN_UNINITIALIZED_AUTOS = YES_AGGRESSIVE;
				GCC_WARN_UNUSED_FUNCTION = YES;
				GCC_WARN_UNUSED_VARIABLE = YES;
				IPHONEOS_DEPLOYMENT_TARGET = 7.1;
				ONLY_ACTIVE_ARCH = YES;
				SDKROOT = iphoneos;
			};
			name = Debug;
		};
		60B3502018D0C06800371513 /* Release */ = {
			isa = XCBuildConfiguration;
			buildSettings = {
				ALWAYS_SEARCH_USER_PATHS = NO;
				CLANG_CXX_LANGUAGE_STANDARD = "gnu++0x";
				CLANG_CXX_LIBRARY = "libc++";
				CLANG_ENABLE_MODULES = YES;
				CLANG_ENABLE_OBJC_ARC = YES;
				CLANG_WARN_BOOL_CONVERSION = YES;
				CLANG_WARN_CONSTANT_CONVERSION = YES;
				CLANG_WARN_DIRECT_OBJC_ISA_USAGE = YES_ERROR;
				CLANG_WARN_EMPTY_BODY = YES;
				CLANG_WARN_ENUM_CONVERSION = YES;
				CLANG_WARN_INT_CONVERSION = YES;
				CLANG_WARN_OBJC_ROOT_CLASS = YES_ERROR;
				CLANG_WARN__DUPLICATE_METHOD_MATCH = YES;
				"CODE_SIGN_IDENTITY[sdk=iphoneos*]" = "iPhone Developer";
				COPY_PHASE_STRIP = YES;
				ENABLE_NS_ASSERTIONS = NO;
				GCC_C_LANGUAGE_STANDARD = gnu99;
				GCC_WARN_64_TO_32_BIT_CONVERSION = YES;
				GCC_WARN_ABOUT_RETURN_TYPE = YES_ERROR;
				GCC_WARN_UNDECLARED_SELECTOR = YES;
				GCC_WARN_UNINITIALIZED_AUTOS = YES_AGGRESSIVE;
				GCC_WARN_UNUSED_FUNCTION = YES;
				GCC_WARN_UNUSED_VARIABLE = YES;
				IPHONEOS_DEPLOYMENT_TARGET = 7.1;
				SDKROOT = iphoneos;
				VALIDATE_PRODUCT = YES;
			};
			name = Release;
		};
		60B3502218D0C06800371513 /* Debug */ = {
			isa = XCBuildConfiguration;
			buildSettings = {
				ASSETCATALOG_COMPILER_APPICON_NAME = AppIcon;
				ASSETCATALOG_COMPILER_LAUNCHIMAGE_NAME = LaunchImage;
				GCC_PRECOMPILE_PREFIX_HEADER = YES;
				GCC_PREFIX_HEADER = "_9_DelegatesTest/_9_DelegatesTest-Prefix.pch";
				INFOPLIST_FILE = "_9_DelegatesTest/_9_DelegatesTest-Info.plist";
				PRODUCT_NAME = "$(TARGET_NAME)";
				WRAPPER_EXTENSION = app;
			};
			name = Debug;
		};
		60B3502318D0C06800371513 /* Release */ = {
			isa = XCBuildConfiguration;
			buildSettings = {
				ASSETCATALOG_COMPILER_APPICON_NAME = AppIcon;
				ASSETCATALOG_COMPILER_LAUNCHIMAGE_NAME = LaunchImage;
				GCC_PRECOMPILE_PREFIX_HEADER = YES;
				GCC_PREFIX_HEADER = "_9_DelegatesTest/_9_DelegatesTest-Prefix.pch";
				INFOPLIST_FILE = "_9_DelegatesTest/_9_DelegatesTest-Info.plist";
				PRODUCT_NAME = "$(TARGET_NAME)";
				WRAPPER_EXTENSION = app;
			};
			name = Release;
		};
		60B3502518D0C06800371513 /* Debug */ = {
			isa = XCBuildConfiguration;
			buildSettings = {
				BUNDLE_LOADER = "$(BUILT_PRODUCTS_DIR)/_9_DelegatesTest.app/_9_DelegatesTest";
				FRAMEWORK_SEARCH_PATHS = (
					"$(SDKROOT)/Developer/Library/Frameworks",
					"$(inherited)",
					"$(DEVELOPER_FRAMEWORKS_DIR)",
				);
				GCC_PRECOMPILE_PREFIX_HEADER = YES;
				GCC_PREFIX_HEADER = "_9_DelegatesTest/_9_DelegatesTest-Prefix.pch";
				GCC_PREPROCESSOR_DEFINITIONS = (
					"DEBUG=1",
					"$(inherited)",
				);
				INFOPLIST_FILE = "_9_DelegatesTestTests/_9_DelegatesTestTests-Info.plist";
				PRODUCT_NAME = "$(TARGET_NAME)";
				TEST_HOST = "$(BUNDLE_LOADER)";
				WRAPPER_EXTENSION = xctest;
			};
			name = Debug;
		};
		60B3502618D0C06800371513 /* Release */ = {
			isa = XCBuildConfiguration;
			buildSettings = {
				BUNDLE_LOADER = "$(BUILT_PRODUCTS_DIR)/_9_DelegatesTest.app/_9_DelegatesTest";
				FRAMEWORK_SEARCH_PATHS = (
					"$(SDKROOT)/Developer/Library/Frameworks",
					"$(inherited)",
					"$(DEVELOPER_FRAMEWORKS_DIR)",
				);
				GCC_PRECOMPILE_PREFIX_HEADER = YES;
				GCC_PREFIX_HEADER = "_9_DelegatesTest/_9_DelegatesTest-Prefix.pch";
				INFOPLIST_FILE = "_9_DelegatesTestTests/_9_DelegatesTestTests-Info.plist";
				PRODUCT_NAME = "$(TARGET_NAME)";
				TEST_HOST = "$(BUNDLE_LOADER)";
				WRAPPER_EXTENSION = xctest;
			};
			name = Release;
		};
/* End XCBuildConfiguration section */

/* Begin XCConfigurationList section */
		60B34FF018D0C06800371513 /* Build configuration list for PBXProject "_9_DelegatesTest" */ = {
			isa = XCConfigurationList;
			buildConfigurations = (
				60B3501F18D0C06800371513 /* Debug */,
				60B3502018D0C06800371513 /* Release */,
			);
			defaultConfigurationIsVisible = 0;
			defaultConfigurationName = Release;
		};
		60B3502118D0C06800371513 /* Build configuration list for PBXNativeTarget "_9_DelegatesTest" */ = {
			isa = XCConfigurationList;
			buildConfigurations = (
				60B3502218D0C06800371513 /* Debug */,
				60B3502318D0C06800371513 /* Release */,
			);
			defaultConfigurationIsVisible = 0;
		};
		60B3502418D0C06800371513 /* Build configuration list for PBXNativeTarget "_9_DelegatesTestTests" */ = {
			isa = XCConfigurationList;
			buildConfigurations = (
				60B3502518D0C06800371513 /* Debug */,
				60B3502618D0C06800371513 /* Release */,
			);
			defaultConfigurationIsVisible = 0;
		};
/* End XCConfigurationList section */
	};
	rootObject = 60B34FED18D0C06800371513 /* Project object */;
}
